
Microsoft Visual Studio Solution File, Format Version 12.00
# Visual Studio Version 17
VisualStudioVersion = 17.8.34330.188
MinimumVisualStudioVersion = 10.0.40219.1
Project("{FAE04EC0-301F-11D3-BF4B-00C04F79EFBC}") = "ServerBackendHooliTees", "ServerBackendHooliTees\ServerBackendHooliTees.csproj", "{284F8A95-E091-4AE5-BBED-88E4042E3671}"
EndProject
Global
	GlobalSection(SolutionConfigurationPlatforms) = preSolution
		Debug|Any CPU = Debug|Any CPU
		Release|Any CPU = Release|Any CPU
	EndGlobalSection
	GlobalSection(ProjectConfigurationPlatforms) = postSolution
		{284F8A95-E091-4AE5-BBED-88E4042E3671}.Debug|Any CPU.ActiveCfg = Debug|Any CPU
		{284F8A95-E091-4AE5-BBED-88E4042E3671}.Debug|Any CPU.Build.0 = Debug|Any CPU
		{284F8A95-E091-4AE5-BBED-88E4042E3671}.Release|Any CPU.ActiveCfg = Release|Any CPU
		{284F8A95-E091-4AE5-BBED-88E4042E3671}.Release|Any CPU.Build.0 = Release|Any CPU
	EndGlobalSection
	GlobalSection(SolutionProperties) = preSolution
		HideSolutionNode = FALSE
	EndGlobalSection
	GlobalSection(ExtensibilityGlobals) = postSolution
		SolutionGuid = {8F7E90A1-02CA-4F08-BA74-B173A3A64EE4}
	EndGlobalSection
EndGlobal
